
Microsoft Visual Studio Solution File, Format Version 12.00
# Visual Studio Version 17
VisualStudioVersion = 17.11.35312.102
MinimumVisualStudioVersion = 10.0.40219.1
Project("{9A19103F-16F7-4668-BE54-9A1E7A4F7556}") = "Post_office_management_system_3.sln", "Post_office_management_system_3.sln\Post_office_management_system_3.sln.csproj", "{17FA8A61-CCCF-4AC4-B066-8249D3E751A4}"
EndProject
Project("{9A19103F-16F7-4668-BE54-9A1E7A4F7556}") = "Post_office_management_system_3.Data", "Post_office_management_system_3.Data\Post_office_management_system_3.Data.csproj", "{9954A7B1-1ADB-4C1F-9638-0952027AB83D}"
EndProject
Global
	GlobalSection(SolutionConfigurationPlatforms) = preSolution
		Debug|Any CPU = Debug|Any CPU
		Release|Any CPU = Release|Any CPU
	EndGlobalSection
	GlobalSection(ProjectConfigurationPlatforms) = postSolution
		{17FA8A61-CCCF-4AC4-B066-8249D3E751A4}.Debug|Any CPU.ActiveCfg = Debug|Any CPU
		{17FA8A61-CCCF-4AC4-B066-8249D3E751A4}.Debug|Any CPU.Build.0 = Debug|Any CPU
		{17FA8A61-CCCF-4AC4-B066-8249D3E751A4}.Release|Any CPU.ActiveCfg = Release|Any CPU
		{17FA8A61-CCCF-4AC4-B066-8249D3E751A4}.Release|Any CPU.Build.0 = Release|Any CPU
		{9954A7B1-1ADB-4C1F-9638-0952027AB83D}.Debug|Any CPU.ActiveCfg = Debug|Any CPU
		{9954A7B1-1ADB-4C1F-9638-0952027AB83D}.Debug|Any CPU.Build.0 = Debug|Any CPU
		{9954A7B1-1ADB-4C1F-9638-0952027AB83D}.Release|Any CPU.ActiveCfg = Release|Any CPU
		{9954A7B1-1ADB-4C1F-9638-0952027AB83D}.Release|Any CPU.Build.0 = Release|Any CPU
	EndGlobalSection
	GlobalSection(SolutionProperties) = preSolution
		HideSolutionNode = FALSE
	EndGlobalSection
	GlobalSection(ExtensibilityGlobals) = postSolution
		SolutionGuid = {DA6D947A-FECC-44A5-B1CF-C0984378C27A}
	EndGlobalSection
EndGlobal
